
Microsoft Visual Studio Solution File, Format Version 12.00
# Visual Studio 15
VisualStudioVersion = 15.0.27130.2010
MinimumVisualStudioVersion = 10.0.40219.1
Project("{FAE04EC0-301F-11D3-BF4B-00C04F79EFBC}") = "TrainerZwift", "TrainerZwift\TrainerZwift.csproj", "{81BB1F5F-5B92-4FEB-98FF-B64F1E77A243}"
EndProject
Global
	GlobalSection(SolutionConfigurationPlatforms) = preSolution
		Debug|Any CPU = Debug|Any CPU
		Release|Any CPU = Release|Any CPU
	EndGlobalSection
	GlobalSection(ProjectConfigurationPlatforms) = postSolution
		{81BB1F5F-5B92-4FEB-98FF-B64F1E77A243}.Debug|Any CPU.ActiveCfg = Debug|Any CPU
		{81BB1F5F-5B92-4FEB-98FF-B64F1E77A243}.Debug|Any CPU.Build.0 = Debug|Any CPU
		{81BB1F5F-5B92-4FEB-98FF-B64F1E77A243}.Release|Any CPU.ActiveCfg = Release|Any CPU
		{81BB1F5F-5B92-4FEB-98FF-B64F1E77A243}.Release|Any CPU.Build.0 = Release|Any CPU
	EndGlobalSection
	GlobalSection(SolutionProperties) = preSolution
		HideSolutionNode = FALSE
	EndGlobalSection
	GlobalSection(ExtensibilityGlobals) = postSolution
		SolutionGuid = {DFC2DC4D-A5CD-4341-B02B-67F4705E099C}
	EndGlobalSection
EndGlobal
